
Microsoft Visual Studio Solution File, Format Version 12.00
# Visual Studio 2013
VisualStudioVersion = 12.0.21005.1
MinimumVisualStudioVersion = 10.0.40219.1
Project("{FAE04EC0-301F-11D3-BF4B-00C04F79EFBC}") = "MicroScanner", "MicroScanner\MicroScanner.csproj", "{AEF106A3-8399-43FD-8180-604DED4A2BE5}"
EndProject
Project("{FAE04EC0-301F-11D3-BF4B-00C04F79EFBC}") = "MicroScanner.Tests", "MicroScanner.Tests\MicroScanner.Tests.csproj", "{02942E82-9116-41A4-8035-499F90F796E8}"
EndProject
Project("{FAE04EC0-301F-11D3-BF4B-00C04F79EFBC}") = "MicroScanner.Domain", "MicroScanner.Domain\MicroScanner.Domain.csproj", "{33E873F3-CE32-45AA-B2A3-2F6600D26E62}"
EndProject
Global
	GlobalSection(SolutionConfigurationPlatforms) = preSolution
		Debug|Any CPU = Debug|Any CPU
		Release|Any CPU = Release|Any CPU
	EndGlobalSection
	GlobalSection(ProjectConfigurationPlatforms) = postSolution
		{AEF106A3-8399-43FD-8180-604DED4A2BE5}.Debug|Any CPU.ActiveCfg = Debug|Any CPU
		{AEF106A3-8399-43FD-8180-604DED4A2BE5}.Debug|Any CPU.Build.0 = Debug|Any CPU
		{AEF106A3-8399-43FD-8180-604DED4A2BE5}.Release|Any CPU.ActiveCfg = Release|Any CPU
		{AEF106A3-8399-43FD-8180-604DED4A2BE5}.Release|Any CPU.Build.0 = Release|Any CPU
		{02942E82-9116-41A4-8035-499F90F796E8}.Debug|Any CPU.ActiveCfg = Debug|Any CPU
		{02942E82-9116-41A4-8035-499F90F796E8}.Debug|Any CPU.Build.0 = Debug|Any CPU
		{02942E82-9116-41A4-8035-499F90F796E8}.Release|Any CPU.ActiveCfg = Release|Any CPU
		{02942E82-9116-41A4-8035-499F90F796E8}.Release|Any CPU.Build.0 = Release|Any CPU
		{33E873F3-CE32-45AA-B2A3-2F6600D26E62}.Debug|Any CPU.ActiveCfg = Debug|Any CPU
		{33E873F3-CE32-45AA-B2A3-2F6600D26E62}.Debug|Any CPU.Build.0 = Debug|Any CPU
		{33E873F3-CE32-45AA-B2A3-2F6600D26E62}.Release|Any CPU.ActiveCfg = Release|Any CPU
		{33E873F3-CE32-45AA-B2A3-2F6600D26E62}.Release|Any CPU.Build.0 = Release|Any CPU
	EndGlobalSection
	GlobalSection(SolutionProperties) = preSolution
		HideSolutionNode = FALSE
	EndGlobalSection
EndGlobal
